
Microsoft Visual Studio Solution File, Format Version 12.00
Project("{FAE04EC0-301F-11D3-BF4B-00C04F79EFBC}") = "Midas.Api", "src\Midas.Api\Midas.Api.csproj", "{488F7C34-EB63-4C27-91CD-E4CD57A2F8BD}"
EndProject
Project("{2150E333-8FDC-42A3-9474-1A3956D46DE8}") = "src", "src", "{CC1F0039-2F43-41D9-A89E-F290CC158BB1}"
EndProject
Project("{FAE04EC0-301F-11D3-BF4B-00C04F79EFBC}") = "Midas.Core", "src\Midas.Core\Midas.Core.csproj", "{C2BCBC4C-B800-446C-B357-8C81A932E1C8}"
EndProject
Project("{2150E333-8FDC-42A3-9474-1A3956D46DE8}") = "Users", "Users", "{D1A9D497-C8C9-4F86-8E85-1C165D01F0CB}"
EndProject
Project("{FAE04EC0-301F-11D3-BF4B-00C04F79EFBC}") = "Midas.Users.Core", "src\Users\Midas.Users.Core\Midas.Users.Core.csproj", "{2B16774F-3B7B-4789-843F-539F90E4F961}"
EndProject
Project("{2150E333-8FDC-42A3-9474-1A3956D46DE8}") = "Common", "Common", "{879A910F-59BD-44CC-A5DD-1E5246AB17AA}"
EndProject
Project("{FAE04EC0-301F-11D3-BF4B-00C04F79EFBC}") = "Midas.Common.Collections", "src\Common\Midas.Common.Collections\Midas.Common.Collections.csproj", "{E7DECA2B-BFE7-43C4-ADB1-A5DA3C65F951}"
EndProject
Project("{FAE04EC0-301F-11D3-BF4B-00C04F79EFBC}") = "Midas.Common.Linq", "src\Common\Midas.Common.Linq\Midas.Common.Linq.csproj", "{0B6F4F3B-6B2D-478C-AE22-26D7DCC69364}"
EndProject
Global
	GlobalSection(SolutionConfigurationPlatforms) = preSolution
		Debug|Any CPU = Debug|Any CPU
		Release|Any CPU = Release|Any CPU
	EndGlobalSection
	GlobalSection(ProjectConfigurationPlatforms) = postSolution
		{488F7C34-EB63-4C27-91CD-E4CD57A2F8BD}.Debug|Any CPU.ActiveCfg = Debug|Any CPU
		{488F7C34-EB63-4C27-91CD-E4CD57A2F8BD}.Debug|Any CPU.Build.0 = Debug|Any CPU
		{488F7C34-EB63-4C27-91CD-E4CD57A2F8BD}.Release|Any CPU.ActiveCfg = Release|Any CPU
		{488F7C34-EB63-4C27-91CD-E4CD57A2F8BD}.Release|Any CPU.Build.0 = Release|Any CPU
		{C2BCBC4C-B800-446C-B357-8C81A932E1C8}.Debug|Any CPU.ActiveCfg = Debug|Any CPU
		{C2BCBC4C-B800-446C-B357-8C81A932E1C8}.Debug|Any CPU.Build.0 = Debug|Any CPU
		{C2BCBC4C-B800-446C-B357-8C81A932E1C8}.Release|Any CPU.ActiveCfg = Release|Any CPU
		{C2BCBC4C-B800-446C-B357-8C81A932E1C8}.Release|Any CPU.Build.0 = Release|Any CPU
		{2B16774F-3B7B-4789-843F-539F90E4F961}.Debug|Any CPU.ActiveCfg = Debug|Any CPU
		{2B16774F-3B7B-4789-843F-539F90E4F961}.Debug|Any CPU.Build.0 = Debug|Any CPU
		{2B16774F-3B7B-4789-843F-539F90E4F961}.Release|Any CPU.ActiveCfg = Release|Any CPU
		{2B16774F-3B7B-4789-843F-539F90E4F961}.Release|Any CPU.Build.0 = Release|Any CPU
		{E7DECA2B-BFE7-43C4-ADB1-A5DA3C65F951}.Debug|Any CPU.ActiveCfg = Debug|Any CPU
		{E7DECA2B-BFE7-43C4-ADB1-A5DA3C65F951}.Debug|Any CPU.Build.0 = Debug|Any CPU
		{E7DECA2B-BFE7-43C4-ADB1-A5DA3C65F951}.Release|Any CPU.ActiveCfg = Release|Any CPU
		{E7DECA2B-BFE7-43C4-ADB1-A5DA3C65F951}.Release|Any CPU.Build.0 = Release|Any CPU
		{0B6F4F3B-6B2D-478C-AE22-26D7DCC69364}.Debug|Any CPU.ActiveCfg = Debug|Any CPU
		{0B6F4F3B-6B2D-478C-AE22-26D7DCC69364}.Debug|Any CPU.Build.0 = Debug|Any CPU
		{0B6F4F3B-6B2D-478C-AE22-26D7DCC69364}.Release|Any CPU.ActiveCfg = Release|Any CPU
		{0B6F4F3B-6B2D-478C-AE22-26D7DCC69364}.Release|Any CPU.Build.0 = Release|Any CPU
	EndGlobalSection
	GlobalSection(NestedProjects) = preSolution
		{488F7C34-EB63-4C27-91CD-E4CD57A2F8BD} = {CC1F0039-2F43-41D9-A89E-F290CC158BB1}
		{C2BCBC4C-B800-446C-B357-8C81A932E1C8} = {CC1F0039-2F43-41D9-A89E-F290CC158BB1}
		{D1A9D497-C8C9-4F86-8E85-1C165D01F0CB} = {CC1F0039-2F43-41D9-A89E-F290CC158BB1}
		{2B16774F-3B7B-4789-843F-539F90E4F961} = {D1A9D497-C8C9-4F86-8E85-1C165D01F0CB}
		{879A910F-59BD-44CC-A5DD-1E5246AB17AA} = {CC1F0039-2F43-41D9-A89E-F290CC158BB1}
		{E7DECA2B-BFE7-43C4-ADB1-A5DA3C65F951} = {879A910F-59BD-44CC-A5DD-1E5246AB17AA}
		{0B6F4F3B-6B2D-478C-AE22-26D7DCC69364} = {879A910F-59BD-44CC-A5DD-1E5246AB17AA}
	EndGlobalSection
EndGlobal
